
Microsoft Visual Studio Solution File, Format Version 12.00
# Visual Studio 2012
Project("{FAE04EC0-301F-11D3-BF4B-00C04F79EFBC}") = "Test", "Test\Test.csproj", "{A538602A-6F79-4ABF-967F-7622221B5860}"
EndProject
Global
	GlobalSection(SolutionConfigurationPlatforms) = preSolution
		Ad-Hoc|iPhone = Ad-Hoc|iPhone
		Ad-Hoc|iPhoneSimulator = Ad-Hoc|iPhoneSimulator
		AppStore|iPhone = AppStore|iPhone
		AppStore|iPhoneSimulator = AppStore|iPhoneSimulator
		Debug|iPhone = Debug|iPhone
		Debug|iPhoneSimulator = Debug|iPhoneSimulator
		Release|iPhone = Release|iPhone
		Release|iPhoneSimulator = Release|iPhoneSimulator
	EndGlobalSection
	GlobalSection(ProjectConfigurationPlatforms) = postSolution
		{A538602A-6F79-4ABF-967F-7622221B5860}.Ad-Hoc|iPhone.ActiveCfg = Ad-Hoc|iPhone
		{A538602A-6F79-4ABF-967F-7622221B5860}.Ad-Hoc|iPhone.Build.0 = Ad-Hoc|iPhone
		{A538602A-6F79-4ABF-967F-7622221B5860}.Ad-Hoc|iPhoneSimulator.ActiveCfg = Ad-Hoc|iPhoneSimulator
		{A538602A-6F79-4ABF-967F-7622221B5860}.Ad-Hoc|iPhoneSimulator.Build.0 = Ad-Hoc|iPhoneSimulator
		{A538602A-6F79-4ABF-967F-7622221B5860}.AppStore|iPhone.ActiveCfg = AppStore|iPhone
		{A538602A-6F79-4ABF-967F-7622221B5860}.AppStore|iPhone.Build.0 = AppStore|iPhone
		{A538602A-6F79-4ABF-967F-7622221B5860}.AppStore|iPhoneSimulator.ActiveCfg = AppStore|iPhoneSimulator
		{A538602A-6F79-4ABF-967F-7622221B5860}.AppStore|iPhoneSimulator.Build.0 = AppStore|iPhoneSimulator
		{A538602A-6F79-4ABF-967F-7622221B5860}.Debug|iPhone.ActiveCfg = Debug|iPhone
		{A538602A-6F79-4ABF-967F-7622221B5860}.Debug|iPhone.Build.0 = Debug|iPhone
		{A538602A-6F79-4ABF-967F-7622221B5860}.Debug|iPhoneSimulator.ActiveCfg = Debug|iPhoneSimulator
		{A538602A-6F79-4ABF-967F-7622221B5860}.Debug|iPhoneSimulator.Build.0 = Debug|iPhoneSimulator
		{A538602A-6F79-4ABF-967F-7622221B5860}.Release|iPhone.ActiveCfg = Release|iPhone
		{A538602A-6F79-4ABF-967F-7622221B5860}.Release|iPhone.Build.0 = Release|iPhone
		{A538602A-6F79-4ABF-967F-7622221B5860}.Release|iPhoneSimulator.ActiveCfg = Release|iPhoneSimulator
		{A538602A-6F79-4ABF-967F-7622221B5860}.Release|iPhoneSimulator.Build.0 = Release|iPhoneSimulator
	EndGlobalSection
	GlobalSection(SolutionProperties) = preSolution
		HideSolutionNode = FALSE
	EndGlobalSection
	GlobalSection(MonoDevelopProperties) = preSolution
		StartupItem = Test\Test.csproj
	EndGlobalSection
EndGlobal
